
Microsoft Visual Studio Solution File, Format Version 12.00
# Visual Studio Version 17
VisualStudioVersion = 17.8.34408.163
MinimumVisualStudioVersion = 10.0.40219.1
Project("{FAE04EC0-301F-11D3-BF4B-00C04F79EFBC}") = "Caculadora", "Caculadora.csproj", "{B2F8FCE6-A471-4996-9509-58BCDFCEAE96}"
EndProject
Global
	GlobalSection(SolutionConfigurationPlatforms) = preSolution
		Debug|Any CPU = Debug|Any CPU
		Release|Any CPU = Release|Any CPU
	EndGlobalSection
	GlobalSection(ProjectConfigurationPlatforms) = postSolution
		{B2F8FCE6-A471-4996-9509-58BCDFCEAE96}.Debug|Any CPU.ActiveCfg = Debug|Any CPU
		{B2F8FCE6-A471-4996-9509-58BCDFCEAE96}.Debug|Any CPU.Build.0 = Debug|Any CPU
		{B2F8FCE6-A471-4996-9509-58BCDFCEAE96}.Release|Any CPU.ActiveCfg = Release|Any CPU
		{B2F8FCE6-A471-4996-9509-58BCDFCEAE96}.Release|Any CPU.Build.0 = Release|Any CPU
	EndGlobalSection
	GlobalSection(SolutionProperties) = preSolution
		HideSolutionNode = FALSE
	EndGlobalSection
	GlobalSection(ExtensibilityGlobals) = postSolution
		SolutionGuid = {4CD817EE-BB40-419D-A96C-83B1730AE4E8}
	EndGlobalSection
EndGlobal
